{
  "name": "ocaml-final",
  "version": "1.0.0",
  "lockfileVersion": 1,
  "requires": true,
  "dependencies": {
    "dream": {
      "version": "0.0.2",
      "resolved": "https://registry.npmjs.org/dream/-/dream-0.0.2.tgz",
      "integrity": "sha1-OFujFxnO583qbuc/YZ0TRzN6bvI="
    },
    "esy": {
      "version": "0.6.12",
      "resolved": "https://registry.npmjs.org/esy/-/esy-0.6.12.tgz",
      "integrity": "sha512-EJAbVSOA+KRAK86ZY3tSZUpbh9cYaUxIITycXFJp9yuH+XAuLrCSdTJsH+wvQniRrzAgUBJ6B2vYC2hFB09lTQ=="
    }
  }
}
